
Microsoft Visual Studio Solution File, Format Version 12.00
# Visual Studio Version 16
VisualStudioVersion = 16.0.29324.140
MinimumVisualStudioVersion = 10.0.40219.1
Project("{FAE04EC0-301F-11D3-BF4B-00C04F79EFBC}") = "EX05", "EX05.csproj", "{317BBC60-7FC4-4277-BA64-698695C4828F}"
EndProject
Global
	GlobalSection(SolutionConfigurationPlatforms) = preSolution
		Debug|Any CPU = Debug|Any CPU
		Release|Any CPU = Release|Any CPU
	EndGlobalSection
	GlobalSection(ProjectConfigurationPlatforms) = postSolution
		{317BBC60-7FC4-4277-BA64-698695C4828F}.Debug|Any CPU.ActiveCfg = Debug|Any CPU
		{317BBC60-7FC4-4277-BA64-698695C4828F}.Debug|Any CPU.Build.0 = Debug|Any CPU
		{317BBC60-7FC4-4277-BA64-698695C4828F}.Release|Any CPU.ActiveCfg = Release|Any CPU
		{317BBC60-7FC4-4277-BA64-698695C4828F}.Release|Any CPU.Build.0 = Release|Any CPU
	EndGlobalSection
	GlobalSection(SolutionProperties) = preSolution
		HideSolutionNode = FALSE
	EndGlobalSection
	GlobalSection(ExtensibilityGlobals) = postSolution
		SolutionGuid = {E4A8463D-7602-4AD4-ABC0-9A631C3F2630}
	EndGlobalSection
EndGlobal
