
Microsoft Visual Studio Solution File, Format Version 12.00
# Visual Studio 15
VisualStudioVersion = 15.0.28307.572
MinimumVisualStudioVersion = 10.0.40219.1
Project("{F184B08F-C81C-45F6-A57F-5ABD9991F28F}") = "exercicio17", "exercicio17\exercicio17.vbproj", "{CCBA7C9D-541F-4CCC-9F0B-89EC22D91B6D}"
EndProject
Global
	GlobalSection(SolutionConfigurationPlatforms) = preSolution
		Debug|Any CPU = Debug|Any CPU
		Release|Any CPU = Release|Any CPU
	EndGlobalSection
	GlobalSection(ProjectConfigurationPlatforms) = postSolution
		{CCBA7C9D-541F-4CCC-9F0B-89EC22D91B6D}.Debug|Any CPU.ActiveCfg = Debug|Any CPU
		{CCBA7C9D-541F-4CCC-9F0B-89EC22D91B6D}.Debug|Any CPU.Build.0 = Debug|Any CPU
		{CCBA7C9D-541F-4CCC-9F0B-89EC22D91B6D}.Release|Any CPU.ActiveCfg = Release|Any CPU
		{CCBA7C9D-541F-4CCC-9F0B-89EC22D91B6D}.Release|Any CPU.Build.0 = Release|Any CPU
	EndGlobalSection
	GlobalSection(SolutionProperties) = preSolution
		HideSolutionNode = FALSE
	EndGlobalSection
	GlobalSection(ExtensibilityGlobals) = postSolution
		SolutionGuid = {7D438F2A-9026-491D-A125-9486FA8C14AE}
	EndGlobalSection
EndGlobal
