
Microsoft Visual Studio Solution File, Format Version 12.00
# Visual Studio 15
VisualStudioVersion = 15.0.28307.572
MinimumVisualStudioVersion = 10.0.40219.1
Project("{F184B08F-C81C-45F6-A57F-5ABD9991F28F}") = "exercicio 02", "exercicio 02.vbproj", "{FD8AE7E9-48A5-4DAF-A56B-36EE8B60EB68}"
EndProject
Global
	GlobalSection(SolutionConfigurationPlatforms) = preSolution
		Debug|Any CPU = Debug|Any CPU
		Release|Any CPU = Release|Any CPU
	EndGlobalSection
	GlobalSection(ProjectConfigurationPlatforms) = postSolution
		{FD8AE7E9-48A5-4DAF-A56B-36EE8B60EB68}.Debug|Any CPU.ActiveCfg = Debug|Any CPU
		{FD8AE7E9-48A5-4DAF-A56B-36EE8B60EB68}.Debug|Any CPU.Build.0 = Debug|Any CPU
		{FD8AE7E9-48A5-4DAF-A56B-36EE8B60EB68}.Release|Any CPU.ActiveCfg = Release|Any CPU
		{FD8AE7E9-48A5-4DAF-A56B-36EE8B60EB68}.Release|Any CPU.Build.0 = Release|Any CPU
	EndGlobalSection
	GlobalSection(SolutionProperties) = preSolution
		HideSolutionNode = FALSE
	EndGlobalSection
	GlobalSection(ExtensibilityGlobals) = postSolution
		SolutionGuid = {690C7C6D-F062-4D39-9E34-5C02E32325AE}
	EndGlobalSection
EndGlobal
