
Microsoft Visual Studio Solution File, Format Version 12.00
# Visual Studio 15
VisualStudioVersion = 15.0.28307.572
MinimumVisualStudioVersion = 10.0.40219.1
Project("{8BC9CEB8-8B4A-11D0-8D11-00A0C91BC942}") = "forca2", "forca2\forca2.vcxproj", "{9772686B-F511-4D83-A22F-0A66AFE5306E}"
EndProject
Global
	GlobalSection(SolutionConfigurationPlatforms) = preSolution
		Debug|x64 = Debug|x64
		Debug|x86 = Debug|x86
		Release|x64 = Release|x64
		Release|x86 = Release|x86
	EndGlobalSection
	GlobalSection(ProjectConfigurationPlatforms) = postSolution
		{9772686B-F511-4D83-A22F-0A66AFE5306E}.Debug|x64.ActiveCfg = Debug|x64
		{9772686B-F511-4D83-A22F-0A66AFE5306E}.Debug|x64.Build.0 = Debug|x64
		{9772686B-F511-4D83-A22F-0A66AFE5306E}.Debug|x86.ActiveCfg = Debug|Win32
		{9772686B-F511-4D83-A22F-0A66AFE5306E}.Debug|x86.Build.0 = Debug|Win32
		{9772686B-F511-4D83-A22F-0A66AFE5306E}.Release|x64.ActiveCfg = Release|x64
		{9772686B-F511-4D83-A22F-0A66AFE5306E}.Release|x64.Build.0 = Release|x64
		{9772686B-F511-4D83-A22F-0A66AFE5306E}.Release|x86.ActiveCfg = Release|Win32
		{9772686B-F511-4D83-A22F-0A66AFE5306E}.Release|x86.Build.0 = Release|Win32
	EndGlobalSection
	GlobalSection(SolutionProperties) = preSolution
		HideSolutionNode = FALSE
	EndGlobalSection
	GlobalSection(ExtensibilityGlobals) = postSolution
		SolutionGuid = {650E6DCD-E2AA-4C20-A01F-E7CF5E83D8BB}
	EndGlobalSection
EndGlobal
